
Microsoft Visual Studio Solution File, Format Version 12.00
# Visual Studio Version 16
VisualStudioVersion = 16.0.31424.327
MinimumVisualStudioVersion = 10.0.40219.1
Project("{FAE04EC0-301F-11D3-BF4B-00C04F79EFBC}") = "Algorithm", "Algorithm\Algorithm.csproj", "{B04FCCCE-FCF7-443C-8EAB-E0A3E962488D}"
EndProject
Global
	GlobalSection(SolutionConfigurationPlatforms) = preSolution
		Debug|Any CPU = Debug|Any CPU
		Release|Any CPU = Release|Any CPU
	EndGlobalSection
	GlobalSection(ProjectConfigurationPlatforms) = postSolution
		{B04FCCCE-FCF7-443C-8EAB-E0A3E962488D}.Debug|Any CPU.ActiveCfg = Debug|Any CPU
		{B04FCCCE-FCF7-443C-8EAB-E0A3E962488D}.Debug|Any CPU.Build.0 = Debug|Any CPU
		{B04FCCCE-FCF7-443C-8EAB-E0A3E962488D}.Release|Any CPU.ActiveCfg = Release|Any CPU
		{B04FCCCE-FCF7-443C-8EAB-E0A3E962488D}.Release|Any CPU.Build.0 = Release|Any CPU
	EndGlobalSection
	GlobalSection(SolutionProperties) = preSolution
		HideSolutionNode = FALSE
	EndGlobalSection
	GlobalSection(ExtensibilityGlobals) = postSolution
		SolutionGuid = {CBB7F7F2-A1CC-4CE9-9E95-A8D6BAB9936B}
	EndGlobalSection
EndGlobal
